{
  "name": "@art-of-coding/slim",
  "version": "0.0.1",
  "lockfileVersion": 1,
  "requires": true,
  "dependencies": {
    "@art-of-coding/lime-compose": {
      "version": "0.0.4",
      "resolved": "https://registry.npmjs.org/@art-of-coding/lime-compose/-/lime-compose-0.0.4.tgz",
      "integrity": "sha512-fn6YtnYjQzMURDSFm+9lTwOKU/LbjONqxDhnb1VGt9Yeh0TdnrNpl8tYeiJDXFmiZJkXg4ln/V8j8lJNQP+Eeg=="
    },
    "@types/node": {
      "version": "12.6.8",
      "resolved": "https://registry.npmjs.org/@types/node/-/node-12.6.8.tgz",
      "integrity": "sha512-aX+gFgA5GHcDi89KG5keey2zf0WfZk/HAQotEamsK2kbey+8yGKcson0hbK8E+v0NArlCJQCqMP161YhV6ZXLg==",
      "dev": true
    },
    "@types/request-ip": {
      "version": "0.0.34",
      "resolved": "https://registry.npmjs.org/@types/request-ip/-/request-ip-0.0.34.tgz",
      "integrity": "sha512-smiJc+Pzg5RJzVn6xEYEC4qrd9bnIeqTVLb4k2dTLIfi69HPamfDXRuUW8TvA+tKRbCkp1/heEGngPhwJZYX8Q==",
      "dev": true,
      "requires": {
        "@types/node": "*"
      }
    },
    "is_js": {
      "version": "0.9.0",
      "resolved": "https://registry.npmjs.org/is_js/-/is_js-0.9.0.tgz",
      "integrity": "sha1-CrlFQFArp6+iTIVqqYVWFmnpxS0="
    },
    "request-ip": {
      "version": "2.1.3",
      "resolved": "https://registry.npmjs.org/request-ip/-/request-ip-2.1.3.tgz",
      "integrity": "sha512-J3qdE/IhVM3BXkwMIVO4yFrvhJlU3H7JH16+6yHucadT4fePnR8dyh+vEs6FIx0S2x5TCt2ptiPfHcn0sqhbYQ==",
      "requires": {
        "is_js": "^0.9.0"
      }
    },
    "typescript": {
      "version": "3.5.3",
      "resolved": "https://registry.npmjs.org/typescript/-/typescript-3.5.3.tgz",
      "integrity": "sha512-ACzBtm/PhXBDId6a6sDJfroT2pOWt/oOnk4/dElG5G33ZL776N3Y6/6bKZJBFpd+b05F3Ct9qDjMeJmRWtE2/g==",
      "dev": true
    }
  }
}
